<?xml version="1.0" encoding="utf-8"?>
<Project ToolsVersion="Current" xmlns="http://schemas.microsoft.com/developer/msbuild/2003">
  <ItemGroup>
    <ClInclude Include="lib\freecplus\_cmpublic.h">
      <Filter>freecplus</Filter>
    </ClInclude>
    <ClInclude Include="lib\freecplus\_ftp.h">
      <Filter>freecplus</Filter>
    </ClInclude>
    <ClInclude Include="lib\freecplus\_public.h">
      <Filter>freecplus</Filter>
    </ClInclude>
    <ClInclude Include="lib\freecplus\ftplib.h">
      <Filter>freecplus</Filter>
    </ClInclude>
    <ClInclude Include="lib\freecplus\_mysql.h" />
    <ClInclude Include="Database\MysqlConn.h" />
  </ItemGroup>
  <ItemGroup>
    <ClCompile Include="lib\freecplus\_ftp.cpp">
      <Filter>freecplus</Filter>
    </ClCompile>
    <ClCompile Include="lib\freecplus\_public.cpp">
      <Filter>freecplus</Filter>
    </ClCompile>
    <ClCompile Include="lib\freecplus\ftplib.c">
      <Filter>freecplus</Filter>
    </ClCompile>
    <ClCompile Include="lib\freecplus\_mysql.cpp" />
  </ItemGroup>
  <ItemGroup>
    <Filter Include="freecplus">
      <UniqueIdentifier>{d4eed041-4491-4ccd-a9be-6669b5b31f53}</UniqueIdentifier>
    </Filter>
    <Filter Include="idc">
      <UniqueIdentifier>{cb858514-aab2-4f96-bb5e-b8058eacb985}</UniqueIdentifier>
    </Filter>
  </ItemGroup>
  <ItemGroup>
    <Text Include="FTP\config.txt" />
  </ItemGroup>
</Project>